
Microsoft Visual Studio Solution File, Format Version 12.00
# Visual Studio 2012
Project("{FAE04EC0-301F-11D3-BF4B-00C04F79EFBC}") = "Initiative", "Initiative\Initiative.csproj", "{411F7CE2-7245-4D9B-8CFA-59F336673FB3}"
EndProject
Global
	GlobalSection(SolutionConfigurationPlatforms) = preSolution
		Debug|x86 = Debug|x86
		Release|x86 = Release|x86
	EndGlobalSection
	GlobalSection(ProjectConfigurationPlatforms) = postSolution
		{411F7CE2-7245-4D9B-8CFA-59F336673FB3}.Debug|x86.ActiveCfg = Debug|x86
		{411F7CE2-7245-4D9B-8CFA-59F336673FB3}.Debug|x86.Build.0 = Debug|x86
		{411F7CE2-7245-4D9B-8CFA-59F336673FB3}.Release|x86.ActiveCfg = Release|x86
		{411F7CE2-7245-4D9B-8CFA-59F336673FB3}.Release|x86.Build.0 = Release|x86
	EndGlobalSection
EndGlobal
